{
  "lockfileVersion": 1,
  "configVersion": 1,
  "workspaces": {
    "": {
      "name": "codesandbox-cli-template",
    },
    "cli": {
      "name": "mycli",
      "version": "1.0.0",
      "bin": {
        "mycli": "./src/index.ts",
      },
      "dependencies": {
        "commander": "^12.0.0",
      },
    },
    "packages/demo-app": {
      "name": "demo-app",
      "version": "1.0.0",
    },
  },
  "packages": {
    "commander": ["commander@12.1.0", "", {}, "sha512-Vw8qHK3bZM9y/P10u3Vib8o/DdkvA2OtPtZvD871QKjy74Wj1WSKFILMPRPSdUSx5RFK1arlJzEtA4PkFgnbuA=="],

    "demo-app": ["demo-app@workspace:packages/demo-app"],

    "mycli": ["mycli@workspace:cli"],
  }
}
